
Microsoft Visual Studio Solution File, Format Version 12.00
# Visual Studio Version 16
VisualStudioVersion = 16.0.31112.23
MinimumVisualStudioVersion = 10.0.40219.1
Project("{FAE04EC0-301F-11D3-BF4B-00C04F79EFBC}") = "Sortowanie bąbelkowe", "Sortowanie bąbelkowe\Sortowanie bąbelkowe.csproj", "{9E2F1F68-CABD-4DEE-88A4-3B50D2FE7DB6}"
EndProject
Global
	GlobalSection(SolutionConfigurationPlatforms) = preSolution
		Debug|Any CPU = Debug|Any CPU
		Release|Any CPU = Release|Any CPU
	EndGlobalSection
	GlobalSection(ProjectConfigurationPlatforms) = postSolution
		{9E2F1F68-CABD-4DEE-88A4-3B50D2FE7DB6}.Debug|Any CPU.ActiveCfg = Debug|Any CPU
		{9E2F1F68-CABD-4DEE-88A4-3B50D2FE7DB6}.Debug|Any CPU.Build.0 = Debug|Any CPU
		{9E2F1F68-CABD-4DEE-88A4-3B50D2FE7DB6}.Release|Any CPU.ActiveCfg = Release|Any CPU
		{9E2F1F68-CABD-4DEE-88A4-3B50D2FE7DB6}.Release|Any CPU.Build.0 = Release|Any CPU
	EndGlobalSection
	GlobalSection(SolutionProperties) = preSolution
		HideSolutionNode = FALSE
	EndGlobalSection
	GlobalSection(ExtensibilityGlobals) = postSolution
		SolutionGuid = {3727720B-750B-4B20-8344-A40ACA74CCF3}
	EndGlobalSection
EndGlobal
