
Microsoft Visual Studio Solution File, Format Version 12.00
# Visual Studio Version 16
VisualStudioVersion = 16.0.31112.23
MinimumVisualStudioVersion = 10.0.40219.1
Project("{FAE04EC0-301F-11D3-BF4B-00C04F79EFBC}") = "Prosta zamiana", "Prosta zamiana\Prosta zamiana.csproj", "{0126A181-4C18-44E2-A1C8-2E0C039A82F2}"
EndProject
Global
	GlobalSection(SolutionConfigurationPlatforms) = preSolution
		Debug|Any CPU = Debug|Any CPU
		Release|Any CPU = Release|Any CPU
	EndGlobalSection
	GlobalSection(ProjectConfigurationPlatforms) = postSolution
		{0126A181-4C18-44E2-A1C8-2E0C039A82F2}.Debug|Any CPU.ActiveCfg = Debug|Any CPU
		{0126A181-4C18-44E2-A1C8-2E0C039A82F2}.Debug|Any CPU.Build.0 = Debug|Any CPU
		{0126A181-4C18-44E2-A1C8-2E0C039A82F2}.Release|Any CPU.ActiveCfg = Release|Any CPU
		{0126A181-4C18-44E2-A1C8-2E0C039A82F2}.Release|Any CPU.Build.0 = Release|Any CPU
	EndGlobalSection
	GlobalSection(SolutionProperties) = preSolution
		HideSolutionNode = FALSE
	EndGlobalSection
	GlobalSection(ExtensibilityGlobals) = postSolution
		SolutionGuid = {59DEB13E-7957-4431-A32B-7F12B5F77F32}
	EndGlobalSection
EndGlobal
