
Microsoft Visual Studio Solution File, Format Version 12.00
# Visual Studio Version 16
VisualStudioVersion = 16.0.31112.23
MinimumVisualStudioVersion = 10.0.40219.1
Project("{FAE04EC0-301F-11D3-BF4B-00C04F79EFBC}") = "Implementacja Programu 4.2", "Implementacja Programu 4.2\Implementacja Programu 4.2.csproj", "{17866F3F-57DD-4CCA-9221-F1A5CA32E739}"
EndProject
Global
	GlobalSection(SolutionConfigurationPlatforms) = preSolution
		Debug|Any CPU = Debug|Any CPU
		Release|Any CPU = Release|Any CPU
	EndGlobalSection
	GlobalSection(ProjectConfigurationPlatforms) = postSolution
		{17866F3F-57DD-4CCA-9221-F1A5CA32E739}.Debug|Any CPU.ActiveCfg = Debug|Any CPU
		{17866F3F-57DD-4CCA-9221-F1A5CA32E739}.Debug|Any CPU.Build.0 = Debug|Any CPU
		{17866F3F-57DD-4CCA-9221-F1A5CA32E739}.Release|Any CPU.ActiveCfg = Release|Any CPU
		{17866F3F-57DD-4CCA-9221-F1A5CA32E739}.Release|Any CPU.Build.0 = Release|Any CPU
	EndGlobalSection
	GlobalSection(SolutionProperties) = preSolution
		HideSolutionNode = FALSE
	EndGlobalSection
	GlobalSection(ExtensibilityGlobals) = postSolution
		SolutionGuid = {D95A02F4-42BA-4693-A486-DFAB39E4A7F4}
	EndGlobalSection
EndGlobal
