
Microsoft Visual Studio Solution File, Format Version 12.00
# Visual Studio Version 17
VisualStudioVersion = 17.1.32421.90
MinimumVisualStudioVersion = 10.0.40219.1
Project("{FAE04EC0-301F-11D3-BF4B-00C04F79EFBC}") = "Lab6", "Lab6\Lab6.csproj", "{D8075EF1-C139-4948-A111-66293EBA1ACE}"
EndProject
Global
	GlobalSection(SolutionConfigurationPlatforms) = preSolution
		Debug|Any CPU = Debug|Any CPU
		Release|Any CPU = Release|Any CPU
	EndGlobalSection
	GlobalSection(ProjectConfigurationPlatforms) = postSolution
		{D8075EF1-C139-4948-A111-66293EBA1ACE}.Debug|Any CPU.ActiveCfg = Debug|Any CPU
		{D8075EF1-C139-4948-A111-66293EBA1ACE}.Debug|Any CPU.Build.0 = Debug|Any CPU
		{D8075EF1-C139-4948-A111-66293EBA1ACE}.Release|Any CPU.ActiveCfg = Release|Any CPU
		{D8075EF1-C139-4948-A111-66293EBA1ACE}.Release|Any CPU.Build.0 = Release|Any CPU
	EndGlobalSection
	GlobalSection(SolutionProperties) = preSolution
		HideSolutionNode = FALSE
	EndGlobalSection
	GlobalSection(ExtensibilityGlobals) = postSolution
		SolutionGuid = {B2025EE1-65D5-458B-8421-347077F5A28B}
	EndGlobalSection
EndGlobal
