
Microsoft Visual Studio Solution File, Format Version 12.00
# Visual Studio Version 16
VisualStudioVersion = 16.0.31112.23
MinimumVisualStudioVersion = 10.0.40219.1
Project("{FAE04EC0-301F-11D3-BF4B-00C04F79EFBC}") = "Sortowanie mieszane", "Sortowanie mieszane\Sortowanie mieszane.csproj", "{7C672C26-5FC5-4C4A-A85C-6B516F4984AC}"
EndProject
Global
	GlobalSection(SolutionConfigurationPlatforms) = preSolution
		Debug|Any CPU = Debug|Any CPU
		Release|Any CPU = Release|Any CPU
	EndGlobalSection
	GlobalSection(ProjectConfigurationPlatforms) = postSolution
		{7C672C26-5FC5-4C4A-A85C-6B516F4984AC}.Debug|Any CPU.ActiveCfg = Debug|Any CPU
		{7C672C26-5FC5-4C4A-A85C-6B516F4984AC}.Debug|Any CPU.Build.0 = Debug|Any CPU
		{7C672C26-5FC5-4C4A-A85C-6B516F4984AC}.Release|Any CPU.ActiveCfg = Release|Any CPU
		{7C672C26-5FC5-4C4A-A85C-6B516F4984AC}.Release|Any CPU.Build.0 = Release|Any CPU
	EndGlobalSection
	GlobalSection(SolutionProperties) = preSolution
		HideSolutionNode = FALSE
	EndGlobalSection
	GlobalSection(ExtensibilityGlobals) = postSolution
		SolutionGuid = {C7FE60FC-122D-408E-B2C5-94DC94678620}
	EndGlobalSection
EndGlobal
