
Microsoft Visual Studio Solution File, Format Version 12.00
# Visual Studio Version 16
VisualStudioVersion = 16.0.31112.23
MinimumVisualStudioVersion = 10.0.40219.1
Project("{FAE04EC0-301F-11D3-BF4B-00C04F79EFBC}") = "Program 5.1", "Program 5.1\Program 5.1.csproj", "{2BB43E03-8E13-4B8E-BEA4-1A024E51F523}"
EndProject
Global
	GlobalSection(SolutionConfigurationPlatforms) = preSolution
		Debug|Any CPU = Debug|Any CPU
		Release|Any CPU = Release|Any CPU
	EndGlobalSection
	GlobalSection(ProjectConfigurationPlatforms) = postSolution
		{2BB43E03-8E13-4B8E-BEA4-1A024E51F523}.Debug|Any CPU.ActiveCfg = Debug|Any CPU
		{2BB43E03-8E13-4B8E-BEA4-1A024E51F523}.Debug|Any CPU.Build.0 = Debug|Any CPU
		{2BB43E03-8E13-4B8E-BEA4-1A024E51F523}.Release|Any CPU.ActiveCfg = Release|Any CPU
		{2BB43E03-8E13-4B8E-BEA4-1A024E51F523}.Release|Any CPU.Build.0 = Release|Any CPU
	EndGlobalSection
	GlobalSection(SolutionProperties) = preSolution
		HideSolutionNode = FALSE
	EndGlobalSection
	GlobalSection(ExtensibilityGlobals) = postSolution
		SolutionGuid = {868AE969-AD2B-4AEF-B130-0596530B7CD2}
	EndGlobalSection
EndGlobal
