
Microsoft Visual Studio Solution File, Format Version 12.00
# Visual Studio Version 16
VisualStudioVersion = 16.0.31112.23
MinimumVisualStudioVersion = 10.0.40219.1
Project("{FAE04EC0-301F-11D3-BF4B-00C04F79EFBC}") = "Implementacja Programu 3", "Implementacja Programu 3\Implementacja Programu 3.csproj", "{64DD49F2-3A44-45A8-86AC-1C8B9697153F}"
EndProject
Global
	GlobalSection(SolutionConfigurationPlatforms) = preSolution
		Debug|Any CPU = Debug|Any CPU
		Release|Any CPU = Release|Any CPU
	EndGlobalSection
	GlobalSection(ProjectConfigurationPlatforms) = postSolution
		{64DD49F2-3A44-45A8-86AC-1C8B9697153F}.Debug|Any CPU.ActiveCfg = Debug|Any CPU
		{64DD49F2-3A44-45A8-86AC-1C8B9697153F}.Debug|Any CPU.Build.0 = Debug|Any CPU
		{64DD49F2-3A44-45A8-86AC-1C8B9697153F}.Release|Any CPU.ActiveCfg = Release|Any CPU
		{64DD49F2-3A44-45A8-86AC-1C8B9697153F}.Release|Any CPU.Build.0 = Release|Any CPU
	EndGlobalSection
	GlobalSection(SolutionProperties) = preSolution
		HideSolutionNode = FALSE
	EndGlobalSection
	GlobalSection(ExtensibilityGlobals) = postSolution
		SolutionGuid = {E361C763-BB61-4CAE-BB5E-C3186A9F209F}
	EndGlobalSection
EndGlobal
