
Microsoft Visual Studio Solution File, Format Version 12.00
# Visual Studio Version 16
VisualStudioVersion = 16.0.31112.23
MinimumVisualStudioVersion = 10.0.40219.1
Project("{FAE04EC0-301F-11D3-BF4B-00C04F79EFBC}") = "Zad1", "Zad1\Zad1.csproj", "{B44B851F-3953-4FC5-B4DC-D6048AC7E043}"
EndProject
Global
	GlobalSection(SolutionConfigurationPlatforms) = preSolution
		Debug|Any CPU = Debug|Any CPU
		Release|Any CPU = Release|Any CPU
	EndGlobalSection
	GlobalSection(ProjectConfigurationPlatforms) = postSolution
		{B44B851F-3953-4FC5-B4DC-D6048AC7E043}.Debug|Any CPU.ActiveCfg = Debug|Any CPU
		{B44B851F-3953-4FC5-B4DC-D6048AC7E043}.Debug|Any CPU.Build.0 = Debug|Any CPU
		{B44B851F-3953-4FC5-B4DC-D6048AC7E043}.Release|Any CPU.ActiveCfg = Release|Any CPU
		{B44B851F-3953-4FC5-B4DC-D6048AC7E043}.Release|Any CPU.Build.0 = Release|Any CPU
	EndGlobalSection
	GlobalSection(SolutionProperties) = preSolution
		HideSolutionNode = FALSE
	EndGlobalSection
	GlobalSection(ExtensibilityGlobals) = postSolution
		SolutionGuid = {0A38CC01-827B-4B34-8DB9-312EB424C95E}
	EndGlobalSection
EndGlobal
