
Microsoft Visual Studio Solution File, Format Version 12.00
# Visual Studio Version 17
VisualStudioVersion = 17.1.32421.90
MinimumVisualStudioVersion = 10.0.40219.1
Project("{FAE04EC0-301F-11D3-BF4B-00C04F79EFBC}") = "DrzewoFraktalne", "DrzewoFraktalne\DrzewoFraktalne.csproj", "{470A6D36-E9F2-4DBD-A649-10ACD4AC4884}"
EndProject
Global
	GlobalSection(SolutionConfigurationPlatforms) = preSolution
		Debug|Any CPU = Debug|Any CPU
		Release|Any CPU = Release|Any CPU
	EndGlobalSection
	GlobalSection(ProjectConfigurationPlatforms) = postSolution
		{470A6D36-E9F2-4DBD-A649-10ACD4AC4884}.Debug|Any CPU.ActiveCfg = Debug|Any CPU
		{470A6D36-E9F2-4DBD-A649-10ACD4AC4884}.Debug|Any CPU.Build.0 = Debug|Any CPU
		{470A6D36-E9F2-4DBD-A649-10ACD4AC4884}.Release|Any CPU.ActiveCfg = Release|Any CPU
		{470A6D36-E9F2-4DBD-A649-10ACD4AC4884}.Release|Any CPU.Build.0 = Release|Any CPU
	EndGlobalSection
	GlobalSection(SolutionProperties) = preSolution
		HideSolutionNode = FALSE
	EndGlobalSection
	GlobalSection(ExtensibilityGlobals) = postSolution
		SolutionGuid = {50E2DCE0-C691-4FFC-B930-25CD31E9194F}
	EndGlobalSection
EndGlobal
